schema_version: 1
source:
  repository: yamk12nfu/ai-repo-ops
  distribution: base
  version: 0.2.0
  commit: null
  distribution_content_sha256: 59500ee1e46cddc7e29f310ad3ef0f6bfb8825d8404fc379b9221742e642dac5
checksum:
  algorithm: sha256
  mode: canonical_text_lf_utf8bom_strip_v1
managed_files:
  - path: .ai/managed/prompts/review.md
    source: distribution/base/files/.ai/managed/prompts/review.md
    installed_sha256: 25abc4a2d914dd506a47b0078b263660f265251984d58082df350e303e6f6255
    strategy: managed_overwrite
  - path: .ai/managed/prompts/improve.md
    source: distribution/base/files/.ai/managed/prompts/improve.md
    installed_sha256: 2f1dc17787e9c1153c5d6285f683bf422997f0ce72dbb26bbe29cda08f857256
    strategy: managed_overwrite
  - path: .ai/managed/prompts/issue-fix.md
    source: distribution/base/files/.ai/managed/prompts/issue-fix.md
    installed_sha256: 3db5751b25168aad6677ade62d7370c840fb4b54c784ba1606e880858da4f93d
    strategy: managed_overwrite
  - path: .ai/managed/prompts/knowledge-refresh.md
    source: distribution/base/files/.ai/managed/prompts/knowledge-refresh.md
    installed_sha256: 651574fd7a55837d1cd513db5258e52f896bffc6163fdbfeb5d86c423bd517d4
    strategy: managed_overwrite
  - path: .ai/managed/prompts/release-check.md
    source: distribution/base/files/.ai/managed/prompts/release-check.md
    installed_sha256: 34862b7f5bf3a2f6c93b55ea72a2925ff33e7e2711aafed2526fe484e426ffe2
    strategy: managed_overwrite
  - path: .ai/managed/prompts/propose.md
    source: distribution/base/files/.ai/managed/prompts/propose.md
    installed_sha256: e67442a0fecdc26c376640619a7feb73ddfc9b47638d45479027a5d7be74c8c6
    strategy: managed_overwrite
  - path: .ai/managed/policies/default.yaml
    source: distribution/base/files/.ai/managed/policies/default.yaml
    installed_sha256: 71a3e4afc8efcc961faa5ac80c20ee7c32320fb492073884ad712f19da920d24
    strategy: managed_overwrite
  - path: .ai/managed/policies/low-risk.yaml
    source: distribution/base/files/.ai/managed/policies/low-risk.yaml
    installed_sha256: 3080cf57e9e27c60063223b17f99828a198948d244e8847473ea8c0ea0e9aa17
    strategy: managed_overwrite
  - path: .ai/managed/policies/security.yaml
    source: distribution/base/files/.ai/managed/policies/security.yaml
    installed_sha256: d955aa07743baa83ac82437b1b432b8cad9c78ecb01c2e1ebf4db3cea34e74aa
    strategy: managed_overwrite
  - path: .ai/managed/schemas/project.schema.json
    source: distribution/base/files/.ai/managed/schemas/project.schema.json
    installed_sha256: 5bf644018f1157c581f560ce97cca48c654ed2148f9cfadf48b1d203c7873bcf
    strategy: managed_overwrite
  - path: .ai/managed/schemas/knowledge.schema.json
    source: distribution/base/files/.ai/managed/schemas/knowledge.schema.json
    installed_sha256: d5c65ca373f81150ffb4ef280cc1942f4335bc04abfb39d92fc79153507be0e5
    strategy: managed_overwrite
  - path: .ai/managed/schemas/proposal.schema.json
    source: distribution/base/files/.ai/managed/schemas/proposal.schema.json
    installed_sha256: fb0612a593d6a8ad7711c6e0d6ec85bb59cc80a4ed7c2bb70cbbe389a2fb9dca
    strategy: managed_overwrite
  - path: .ai/managed/schemas/execution-plan.schema.json
    source: distribution/base/files/.ai/managed/schemas/execution-plan.schema.json
    installed_sha256: ab361226c22bf9c131d0280df34a2cb322edc57bbc60727196b5334fa163ed45
    strategy: managed_overwrite
seed_files:
  - path: .ai/project.yaml
    strategy: create_only
  - path: .github/workflows/ai-review.yml
    strategy: create_only
patches:
  - type: append_unique_lines
    path: .gitignore
    lines:
      - .ai/runs/
      - .ai/tmp/
      - .ai/logs/
  - type: append_unique_lines
    path: .gitattributes
    lines:
      - "# ai-repo-ops managed text files"
      - .ai/managed/** text eol=lf
      - .ai/project.yaml text eol=lf
      - .ai/ai-repo-ops.lock.yaml text eol=lf
      - .ai/local/knowledge/** text eol=lf
      - .ai/local/proposals/** text eol=lf
      - .ai/local/execution-plans/** text eol=lf
      - .github/workflows/ai-*.yml text eol=lf
  - type: append_unique_lines
    path: .prettierignore
    lines:
      - "# ai-repo-ops managed files"
      - .ai/managed/
      - .ai/ai-repo-ops.lock.yaml
created_at: 2026-08-04T17:03:49.003Z
updated_at: 2026-08-20T08:39:32.334Z
